
Microsoft Visual Studio Solution File, Format Version 12.00
# Visual Studio Version 16
VisualStudioVersion = 16.0.31105.61
MinimumVisualStudioVersion = 10.0.40219.1
Project("{FAE04EC0-301F-11D3-BF4B-00C04F79EFBC}") = "ExamApp.Web", "ExamApp.Web\ExamApp.Web.csproj", "{6B317EFD-D8E2-49A6-9987-2E42D4C141C7}"
EndProject
Project("{FAE04EC0-301F-11D3-BF4B-00C04F79EFBC}") = "ExamApp.Entity", "ExamApp.Entity\ExamApp.Entity.csproj", "{16263A3D-8ACB-40E6-A752-E15375A077A7}"
EndProject
Project("{FAE04EC0-301F-11D3-BF4B-00C04F79EFBC}") = "ExamApp.DAL", "ExamApp.DAL\ExamApp.DAL.csproj", "{32A2256E-6D63-49B3-8B74-3081529B095E}"
EndProject
Global
	GlobalSection(SolutionConfigurationPlatforms) = preSolution
		Debug|Any CPU = Debug|Any CPU
		Release|Any CPU = Release|Any CPU
	EndGlobalSection
	GlobalSection(ProjectConfigurationPlatforms) = postSolution
		{6B317EFD-D8E2-49A6-9987-2E42D4C141C7}.Debug|Any CPU.ActiveCfg = Debug|Any CPU
		{6B317EFD-D8E2-49A6-9987-2E42D4C141C7}.Debug|Any CPU.Build.0 = Debug|Any CPU
		{6B317EFD-D8E2-49A6-9987-2E42D4C141C7}.Release|Any CPU.ActiveCfg = Release|Any CPU
		{6B317EFD-D8E2-49A6-9987-2E42D4C141C7}.Release|Any CPU.Build.0 = Release|Any CPU
		{16263A3D-8ACB-40E6-A752-E15375A077A7}.Debug|Any CPU.ActiveCfg = Debug|Any CPU
		{16263A3D-8ACB-40E6-A752-E15375A077A7}.Debug|Any CPU.Build.0 = Debug|Any CPU
		{16263A3D-8ACB-40E6-A752-E15375A077A7}.Release|Any CPU.ActiveCfg = Release|Any CPU
		{16263A3D-8ACB-40E6-A752-E15375A077A7}.Release|Any CPU.Build.0 = Release|Any CPU
		{32A2256E-6D63-49B3-8B74-3081529B095E}.Debug|Any CPU.ActiveCfg = Debug|Any CPU
		{32A2256E-6D63-49B3-8B74-3081529B095E}.Debug|Any CPU.Build.0 = Debug|Any CPU
		{32A2256E-6D63-49B3-8B74-3081529B095E}.Release|Any CPU.ActiveCfg = Release|Any CPU
		{32A2256E-6D63-49B3-8B74-3081529B095E}.Release|Any CPU.Build.0 = Release|Any CPU
	EndGlobalSection
	GlobalSection(SolutionProperties) = preSolution
		HideSolutionNode = FALSE
	EndGlobalSection
	GlobalSection(ExtensibilityGlobals) = postSolution
		SolutionGuid = {2CA1B2DD-AD03-45F2-AD7C-46917E96D188}
	EndGlobalSection
EndGlobal
